
Microsoft Visual Studio Solution File, Format Version 12.00
# Visual Studio Version 16
VisualStudioVersion = 16.0.30621.155
MinimumVisualStudioVersion = 10.0.40219.1
Project("{FAE04EC0-301F-11D3-BF4B-00C04F79EFBC}") = "PIS_Vj1", "PIS_Vj1\PIS_Vj1.csproj", "{ECD50C9D-11E7-4CAD-A805-142148AFC91F}"
EndProject
Global
	GlobalSection(SolutionConfigurationPlatforms) = preSolution
		Debug|Any CPU = Debug|Any CPU
		Release|Any CPU = Release|Any CPU
	EndGlobalSection
	GlobalSection(ProjectConfigurationPlatforms) = postSolution
		{ECD50C9D-11E7-4CAD-A805-142148AFC91F}.Debug|Any CPU.ActiveCfg = Debug|Any CPU
		{ECD50C9D-11E7-4CAD-A805-142148AFC91F}.Debug|Any CPU.Build.0 = Debug|Any CPU
		{ECD50C9D-11E7-4CAD-A805-142148AFC91F}.Release|Any CPU.ActiveCfg = Release|Any CPU
		{ECD50C9D-11E7-4CAD-A805-142148AFC91F}.Release|Any CPU.Build.0 = Release|Any CPU
	EndGlobalSection
	GlobalSection(SolutionProperties) = preSolution
		HideSolutionNode = FALSE
	EndGlobalSection
	GlobalSection(ExtensibilityGlobals) = postSolution
		SolutionGuid = {103D6F12-EB81-420A-861F-8D34E4035870}
	EndGlobalSection
EndGlobal
